dependencies:
- name: neo4j
  repository: https://helm.neo4j.com/neo4j
  version: 5.5.0
- name: nats
  repository: https://nats-io.github.io/k8s/helm/charts/
  version: 0.19.12
digest: sha256:733aa2fd94eb4f0f1630774c9c36ba6000bc3c05464bf2aa5f6b88da522fa14e
generated: "2023-03-21T18:28:25.191941-04:00"
